
Microsoft Visual Studio Solution File, Format Version 12.00
# Visual Studio Version 16
VisualStudioVersion = 16.0.31729.503
MinimumVisualStudioVersion = 10.0.40219.1
Project("{FAE04EC0-301F-11D3-BF4B-00C04F79EFBC}") = "Graphs", "Graphs\Graphs.csproj", "{7EAA877A-3B8B-4E1A-B669-916F27C83DC6}"
EndProject
Global
	GlobalSection(SolutionConfigurationPlatforms) = preSolution
		Debug|Any CPU = Debug|Any CPU
		Release|Any CPU = Release|Any CPU
	EndGlobalSection
	GlobalSection(ProjectConfigurationPlatforms) = postSolution
		{7EAA877A-3B8B-4E1A-B669-916F27C83DC6}.Debug|Any CPU.ActiveCfg = Debug|Any CPU
		{7EAA877A-3B8B-4E1A-B669-916F27C83DC6}.Debug|Any CPU.Build.0 = Debug|Any CPU
		{7EAA877A-3B8B-4E1A-B669-916F27C83DC6}.Release|Any CPU.ActiveCfg = Release|Any CPU
		{7EAA877A-3B8B-4E1A-B669-916F27C83DC6}.Release|Any CPU.Build.0 = Release|Any CPU
	EndGlobalSection
	GlobalSection(SolutionProperties) = preSolution
		HideSolutionNode = FALSE
	EndGlobalSection
	GlobalSection(ExtensibilityGlobals) = postSolution
		SolutionGuid = {F082541D-AF02-4DAC-AF5F-97AE9A2E6056}
	EndGlobalSection
EndGlobal
